
Microsoft Visual Studio Solution File, Format Version 12.00
# Visual Studio Version 16
VisualStudioVersion = 16.0.31313.79
MinimumVisualStudioVersion = 10.0.40219.1
Project("{FAE04EC0-301F-11D3-BF4B-00C04F79EFBC}") = "FileServices.Web", "FileServices.Web\FileServices.Web.csproj", "{729DA321-6FA7-4CDA-9942-56A43D3F83B4}"
EndProject
Global
	GlobalSection(SolutionConfigurationPlatforms) = preSolution
		Debug|Any CPU = Debug|Any CPU
		Release|Any CPU = Release|Any CPU
	EndGlobalSection
	GlobalSection(ProjectConfigurationPlatforms) = postSolution
		{729DA321-6FA7-4CDA-9942-56A43D3F83B4}.Debug|Any CPU.ActiveCfg = Debug|Any CPU
		{729DA321-6FA7-4CDA-9942-56A43D3F83B4}.Debug|Any CPU.Build.0 = Debug|Any CPU
		{729DA321-6FA7-4CDA-9942-56A43D3F83B4}.Release|Any CPU.ActiveCfg = Release|Any CPU
		{729DA321-6FA7-4CDA-9942-56A43D3F83B4}.Release|Any CPU.Build.0 = Release|Any CPU
	EndGlobalSection
	GlobalSection(SolutionProperties) = preSolution
		HideSolutionNode = FALSE
	EndGlobalSection
	GlobalSection(ExtensibilityGlobals) = postSolution
		SolutionGuid = {B3ADDCAD-74AD-42F3-9C87-2AE793479DA7}
	EndGlobalSection
EndGlobal
